
Microsoft Visual Studio Solution File, Format Version 11.00
# Visual Studio 2010
Project("{FAE04EC0-301F-11D3-BF4B-00C04F79EFBC}") = "Assembly-CSharp", "Assembly-CSharp.csproj", "{11437d27-772c-3fce-f66d-fc5c12ea64f9}"
EndProject
Project("{FAE04EC0-301F-11D3-BF4B-00C04F79EFBC}") = "Assembly-CSharp-Editor", "Assembly-CSharp-Editor.csproj", "{b104d2d3-90ac-166a-73c3-50e84944b326}"
EndProject
Global
	GlobalSection(SolutionConfigurationPlatforms) = preSolution
		Debug|Any CPU = Debug|Any CPU
	EndGlobalSection
	GlobalSection(ProjectConfigurationPlatforms) = postSolution
		{11437d27-772c-3fce-f66d-fc5c12ea64f9}.Debug|Any CPU.ActiveCfg = Debug|Any CPU
		{11437d27-772c-3fce-f66d-fc5c12ea64f9}.Debug|Any CPU.Build.0 = Debug|Any CPU
		{b104d2d3-90ac-166a-73c3-50e84944b326}.Debug|Any CPU.ActiveCfg = Debug|Any CPU
		{b104d2d3-90ac-166a-73c3-50e84944b326}.Debug|Any CPU.Build.0 = Debug|Any CPU
	EndGlobalSection
	GlobalSection(SolutionProperties) = preSolution
		HideSolutionNode = FALSE
	EndGlobalSection
EndGlobal
